
Microsoft Visual Studio Solution File, Format Version 12.00
# Visual Studio 15
VisualStudioVersion = 15.0.26124.0
MinimumVisualStudioVersion = 15.0.26124.0
Project("{FAE04EC0-301F-11D3-BF4B-00C04F79EFBC}") = "Cake.Vagrant", "Cake.Vagrant\Cake.Vagrant.csproj", "{69B157FD-2391-4448-B0E5-5C21F2E3990C}"
EndProject
Project("{FAE04EC0-301F-11D3-BF4B-00C04F79EFBC}") = "Cake.Vagrant.Tests", "Cake.Vagrant.Tests\Cake.Vagrant.Tests.csproj", "{420D6F98-06B8-46E2-B9EC-FD221CCEDAEA}"
EndProject
Global
	GlobalSection(SolutionConfigurationPlatforms) = preSolution
		Debug|Any CPU = Debug|Any CPU
		Debug|x64 = Debug|x64
		Debug|x86 = Debug|x86
		Release|Any CPU = Release|Any CPU
		Release|x64 = Release|x64
		Release|x86 = Release|x86
	EndGlobalSection
	GlobalSection(SolutionProperties) = preSolution
		HideSolutionNode = FALSE
	EndGlobalSection
	GlobalSection(ProjectConfigurationPlatforms) = postSolution
		{69B157FD-2391-4448-B0E5-5C21F2E3990C}.Debug|Any CPU.ActiveCfg = Debug|Any CPU
		{69B157FD-2391-4448-B0E5-5C21F2E3990C}.Debug|Any CPU.Build.0 = Debug|Any CPU
		{69B157FD-2391-4448-B0E5-5C21F2E3990C}.Debug|x64.ActiveCfg = Debug|x64
		{69B157FD-2391-4448-B0E5-5C21F2E3990C}.Debug|x64.Build.0 = Debug|x64
		{69B157FD-2391-4448-B0E5-5C21F2E3990C}.Debug|x86.ActiveCfg = Debug|x86
		{69B157FD-2391-4448-B0E5-5C21F2E3990C}.Debug|x86.Build.0 = Debug|x86
		{69B157FD-2391-4448-B0E5-5C21F2E3990C}.Release|Any CPU.ActiveCfg = Release|Any CPU
		{69B157FD-2391-4448-B0E5-5C21F2E3990C}.Release|Any CPU.Build.0 = Release|Any CPU
		{69B157FD-2391-4448-B0E5-5C21F2E3990C}.Release|x64.ActiveCfg = Release|x64
		{69B157FD-2391-4448-B0E5-5C21F2E3990C}.Release|x64.Build.0 = Release|x64
		{69B157FD-2391-4448-B0E5-5C21F2E3990C}.Release|x86.ActiveCfg = Release|x86
		{69B157FD-2391-4448-B0E5-5C21F2E3990C}.Release|x86.Build.0 = Release|x86
		{420D6F98-06B8-46E2-B9EC-FD221CCEDAEA}.Debug|Any CPU.ActiveCfg = Debug|Any CPU
		{420D6F98-06B8-46E2-B9EC-FD221CCEDAEA}.Debug|Any CPU.Build.0 = Debug|Any CPU
		{420D6F98-06B8-46E2-B9EC-FD221CCEDAEA}.Debug|x64.ActiveCfg = Debug|x64
		{420D6F98-06B8-46E2-B9EC-FD221CCEDAEA}.Debug|x64.Build.0 = Debug|x64
		{420D6F98-06B8-46E2-B9EC-FD221CCEDAEA}.Debug|x86.ActiveCfg = Debug|x86
		{420D6F98-06B8-46E2-B9EC-FD221CCEDAEA}.Debug|x86.Build.0 = Debug|x86
		{420D6F98-06B8-46E2-B9EC-FD221CCEDAEA}.Release|Any CPU.ActiveCfg = Release|Any CPU
		{420D6F98-06B8-46E2-B9EC-FD221CCEDAEA}.Release|Any CPU.Build.0 = Release|Any CPU
		{420D6F98-06B8-46E2-B9EC-FD221CCEDAEA}.Release|x64.ActiveCfg = Release|x64
		{420D6F98-06B8-46E2-B9EC-FD221CCEDAEA}.Release|x64.Build.0 = Release|x64
		{420D6F98-06B8-46E2-B9EC-FD221CCEDAEA}.Release|x86.ActiveCfg = Release|x86
		{420D6F98-06B8-46E2-B9EC-FD221CCEDAEA}.Release|x86.Build.0 = Release|x86
	EndGlobalSection
EndGlobal
